
Microsoft Visual Studio Solution File, Format Version 12.00
# Visual Studio Version 17
VisualStudioVersion = 17.0.31903.59
MinimumVisualStudioVersion = 10.0.40219.1
Project("{2150E333-8FDC-42A3-9474-1A3956D46DE8}") = "Services", "Services", "{C423B0F4-9FFE-4FB6-A335-B04265989500}"
EndProject
Project("{2150E333-8FDC-42A3-9474-1A3956D46DE8}") = "DbUsers", "DbUsers", "{6E5B7057-C7F1-46CD-8855-6E84879A8833}"
EndProject
Project("{FAE04EC0-301F-11D3-BF4B-00C04F79EFBC}") = "DatingAgencyMS.API", "src\Services\DbUsers\DatingAgencyMS.API\DatingAgencyMS.API.csproj", "{12391B55-B738-4D4B-A9F5-8A2854592173}"
EndProject
Project("{2150E333-8FDC-42A3-9474-1A3956D46DE8}") = "Solution Items", "Solution Items", "{B278D927-5429-4146-BBD9-BBB600FA1E2D}"
	ProjectSection(SolutionItems) = preProject
		docker-compose.yml = docker-compose.yml
	EndProjectSection
EndProject
Project("{FAE04EC0-301F-11D3-BF4B-00C04F79EFBC}") = "DatingAgencyMS.Domain", "src\Services\DbUsers\DatingAgencyMS.Domain\DatingAgencyMS.Domain.csproj", "{51B4B1B6-7E9D-4DD9-9B78-95000848D1F4}"
EndProject
Project("{FAE04EC0-301F-11D3-BF4B-00C04F79EFBC}") = "DatingAgencyMS.Application", "src\Services\DbUsers\DatingAgencyMS.Application\DatingAgencyMS.Application.csproj", "{8FF4BECD-615F-4B8D-8BBC-643348A0F4B5}"
EndProject
Project("{FAE04EC0-301F-11D3-BF4B-00C04F79EFBC}") = "DatingAgencyMS.Infrastructure", "src\Services\DbUsers\DatingAgencyMS.Infrastructure\DatingAgencyMS.Infrastructure.csproj", "{7A5A061C-9410-4ECF-A3CE-2AF39A2A8E06}"
EndProject
Project("{2150E333-8FDC-42A3-9474-1A3956D46DE8}") = "Common", "Common", "{4371B756-DC38-40EF-9510-375885ABBD6D}"
EndProject
Project("{FAE04EC0-301F-11D3-BF4B-00C04F79EFBC}") = "Common.Auth", "src\Common\Common.Auth\Common.Auth.csproj", "{87FF76B4-52B3-4C44-9C71-05939B1F0836}"
EndProject
Project("{2150E333-8FDC-42A3-9474-1A3956D46DE8}") = "Client", "Client", "{6A6B6DD6-324A-4D99-BDF3-3F8156C1F3A3}"
EndProject
Project("{FAE04EC0-301F-11D3-BF4B-00C04F79EFBC}") = "DatingAgencyMS.Client", "Client\DatingAgencyMS.Client\DatingAgencyMS.Client.csproj", "{E5D16F7E-2C62-4829-8285-B55173B6C0D7}"
EndProject
Project("{FAE04EC0-301F-11D3-BF4B-00C04F79EFBC}") = "Common.Filtering", "Common.Filtering\Common.Filtering.csproj", "{90CA40B9-814C-49DB-B393-5CBA9F4740A8}"
EndProject
Project("{FAE04EC0-301F-11D3-BF4B-00C04F79EFBC}") = "Common.Business", "Common.Business\Common.Business.csproj", "{918E5F3A-AD4A-4994-9E93-C936B1CA28D6}"
EndProject
Global
	GlobalSection(SolutionConfigurationPlatforms) = preSolution
		Debug|Any CPU = Debug|Any CPU
		Release|Any CPU = Release|Any CPU
	EndGlobalSection
	GlobalSection(SolutionProperties) = preSolution
		HideSolutionNode = FALSE
	EndGlobalSection
	GlobalSection(NestedProjects) = preSolution
		{6E5B7057-C7F1-46CD-8855-6E84879A8833} = {C423B0F4-9FFE-4FB6-A335-B04265989500}
		{12391B55-B738-4D4B-A9F5-8A2854592173} = {6E5B7057-C7F1-46CD-8855-6E84879A8833}
		{51B4B1B6-7E9D-4DD9-9B78-95000848D1F4} = {6E5B7057-C7F1-46CD-8855-6E84879A8833}
		{8FF4BECD-615F-4B8D-8BBC-643348A0F4B5} = {6E5B7057-C7F1-46CD-8855-6E84879A8833}
		{7A5A061C-9410-4ECF-A3CE-2AF39A2A8E06} = {6E5B7057-C7F1-46CD-8855-6E84879A8833}
		{87FF76B4-52B3-4C44-9C71-05939B1F0836} = {4371B756-DC38-40EF-9510-375885ABBD6D}
		{6A6B6DD6-324A-4D99-BDF3-3F8156C1F3A3} = {C423B0F4-9FFE-4FB6-A335-B04265989500}
		{E5D16F7E-2C62-4829-8285-B55173B6C0D7} = {6A6B6DD6-324A-4D99-BDF3-3F8156C1F3A3}
		{90CA40B9-814C-49DB-B393-5CBA9F4740A8} = {4371B756-DC38-40EF-9510-375885ABBD6D}
		{918E5F3A-AD4A-4994-9E93-C936B1CA28D6} = {4371B756-DC38-40EF-9510-375885ABBD6D}
	EndGlobalSection
	GlobalSection(ProjectConfigurationPlatforms) = postSolution
		{12391B55-B738-4D4B-A9F5-8A2854592173}.Debug|Any CPU.ActiveCfg = Debug|Any CPU
		{12391B55-B738-4D4B-A9F5-8A2854592173}.Debug|Any CPU.Build.0 = Debug|Any CPU
		{12391B55-B738-4D4B-A9F5-8A2854592173}.Release|Any CPU.ActiveCfg = Release|Any CPU
		{12391B55-B738-4D4B-A9F5-8A2854592173}.Release|Any CPU.Build.0 = Release|Any CPU
		{51B4B1B6-7E9D-4DD9-9B78-95000848D1F4}.Debug|Any CPU.ActiveCfg = Debug|Any CPU
		{51B4B1B6-7E9D-4DD9-9B78-95000848D1F4}.Debug|Any CPU.Build.0 = Debug|Any CPU
		{51B4B1B6-7E9D-4DD9-9B78-95000848D1F4}.Release|Any CPU.ActiveCfg = Release|Any CPU
		{51B4B1B6-7E9D-4DD9-9B78-95000848D1F4}.Release|Any CPU.Build.0 = Release|Any CPU
		{8FF4BECD-615F-4B8D-8BBC-643348A0F4B5}.Debug|Any CPU.ActiveCfg = Debug|Any CPU
		{8FF4BECD-615F-4B8D-8BBC-643348A0F4B5}.Debug|Any CPU.Build.0 = Debug|Any CPU
		{8FF4BECD-615F-4B8D-8BBC-643348A0F4B5}.Release|Any CPU.ActiveCfg = Release|Any CPU
		{8FF4BECD-615F-4B8D-8BBC-643348A0F4B5}.Release|Any CPU.Build.0 = Release|Any CPU
		{7A5A061C-9410-4ECF-A3CE-2AF39A2A8E06}.Debug|Any CPU.ActiveCfg = Debug|Any CPU
		{7A5A061C-9410-4ECF-A3CE-2AF39A2A8E06}.Debug|Any CPU.Build.0 = Debug|Any CPU
		{7A5A061C-9410-4ECF-A3CE-2AF39A2A8E06}.Release|Any CPU.ActiveCfg = Release|Any CPU
		{7A5A061C-9410-4ECF-A3CE-2AF39A2A8E06}.Release|Any CPU.Build.0 = Release|Any CPU
		{87FF76B4-52B3-4C44-9C71-05939B1F0836}.Debug|Any CPU.ActiveCfg = Debug|Any CPU
		{87FF76B4-52B3-4C44-9C71-05939B1F0836}.Debug|Any CPU.Build.0 = Debug|Any CPU
		{87FF76B4-52B3-4C44-9C71-05939B1F0836}.Release|Any CPU.ActiveCfg = Release|Any CPU
		{87FF76B4-52B3-4C44-9C71-05939B1F0836}.Release|Any CPU.Build.0 = Release|Any CPU
		{E5D16F7E-2C62-4829-8285-B55173B6C0D7}.Debug|Any CPU.ActiveCfg = Debug|Any CPU
		{E5D16F7E-2C62-4829-8285-B55173B6C0D7}.Debug|Any CPU.Build.0 = Debug|Any CPU
		{E5D16F7E-2C62-4829-8285-B55173B6C0D7}.Release|Any CPU.ActiveCfg = Release|Any CPU
		{E5D16F7E-2C62-4829-8285-B55173B6C0D7}.Release|Any CPU.Build.0 = Release|Any CPU
		{90CA40B9-814C-49DB-B393-5CBA9F4740A8}.Debug|Any CPU.ActiveCfg = Debug|Any CPU
		{90CA40B9-814C-49DB-B393-5CBA9F4740A8}.Debug|Any CPU.Build.0 = Debug|Any CPU
		{90CA40B9-814C-49DB-B393-5CBA9F4740A8}.Release|Any CPU.ActiveCfg = Release|Any CPU
		{90CA40B9-814C-49DB-B393-5CBA9F4740A8}.Release|Any CPU.Build.0 = Release|Any CPU
		{918E5F3A-AD4A-4994-9E93-C936B1CA28D6}.Debug|Any CPU.ActiveCfg = Debug|Any CPU
		{918E5F3A-AD4A-4994-9E93-C936B1CA28D6}.Debug|Any CPU.Build.0 = Debug|Any CPU
		{918E5F3A-AD4A-4994-9E93-C936B1CA28D6}.Release|Any CPU.ActiveCfg = Release|Any CPU
		{918E5F3A-AD4A-4994-9E93-C936B1CA28D6}.Release|Any CPU.Build.0 = Release|Any CPU
	EndGlobalSection
EndGlobal
